{
  "version": 4,
  "terraform_version": "0.13.3",
  "serial": 1,
  "lineage": "a5e3f1a0-306e-869a-eab2-a7aea5f30223",
  "outputs": {},
  "resources": [
    {
      "module": "module.vpc",
      "mode": "managed",
      "type": "aws_vpc",
      "name": "vpc",
      "provider": "provider[\"registry.terraform.io/hashicorp/aws\"]",
      "instances": [
        {
          "schema_version": 1,
          "attributes": {
            "arn": "arn:aws:ec2:eu-west-1:674528447826:vpc/vpc-0cf6b7a88d81c2b9b",
            "assign_generated_ipv6_cidr_block": false,
            "cidr_block": "172.16.0.0/16",
            "default_network_acl_id": "acl-0887d8302289632fd",
            "default_route_table_id": "rtb-0879190ce420d700f",
            "default_security_group_id": "sg-05f6e6ca940d61c8e",
            "dhcp_options_id": "dopt-f3146b96",
            "enable_classiclink": false,
            "enable_classiclink_dns_support": false,
            "enable_dns_hostnames": false,
            "enable_dns_support": true,
            "id": "vpc-0cf6b7a88d81c2b9b",
            "instance_tenancy": "default",
            "ipv6_association_id": "",
            "ipv6_cidr_block": "",
            "main_route_table_id": "rtb-0879190ce420d700f",
            "owner_id": "674528447826",
            "tags": {
              "environment": "dev"
            },
            "tags_all": {
              "environment": "dev"
            }
          },
          "private": "eyJzY2hlbWFfdmVyc2lvbiI6IjEifQ=="
        }
      ]
    }
  ]
}
